// !$*UTF8*$!
{
	archiveVersion = 1;
	classes = {
	};
	objectVersion = 46;
	objects = {

/* Begin PBXBuildFile section */
		1D2D8E0C1A1FC4A90035E144 /* Bolts.framework in Frameworks */ = {isa = PBXBuildFile; fileRef = 1D2D8E081A1FC4A90035E144 /* Bolts.framework */; };
		1D2D8E0D1A1FC4A90035E144 /* Parse.framework in Frameworks */ = {isa = PBXBuildFile; fileRef = 1D2D8E091A1FC4A90035E144 /* Parse.framework */; };
		1D2D8E0E1A1FC4A90035E144 /* ParseFacebookUtils.framework in Frameworks */ = {isa = PBXBuildFile; fileRef = 1D2D8E0A1A1FC4A90035E144 /* ParseFacebookUtils.framework */; };
		1D2D8E0F1A1FC4A90035E144 /* ParseUI.framework in Frameworks */ = {isa = PBXBuildFile; fileRef = 1D2D8E0B1A1FC4A90035E144 /* ParseUI.framework */; };
		1D4B6C2A1A342B2200EEA535 /* ReviewTabBarController.m in Sources */ = {isa = PBXBuildFile; fileRef = 1D4B6C291A342B2200EEA535 /* ReviewTabBarController.m */; };
		1DCCBCA61A27F6E70040369E /* AddToolTableViewController.m in Sources */ = {isa = PBXBuildFile; fileRef = 1DCCBCA51A27F6E70040369E /* AddToolTableViewController.m */; };
		1DCCBCA91A29992F0040369E /* MapViewController.m in Sources */ = {isa = PBXBuildFile; fileRef = 1DCCBCA81A29992F0040369E /* MapViewController.m */; };
		1DCCBCAB1A299C0C0040369E /* MapKit.framework in Frameworks */ = {isa = PBXBuildFile; fileRef = 1DCCBCAA1A299C0C0040369E /* MapKit.framework */; };
		1DCCBCAF1A2A7CC50040369E /* PartNoCell.m in Sources */ = {isa = PBXBuildFile; fileRef = 1DCCBCAE1A2A7CC50040369E /* PartNoCell.m */; };
		1DCCBCB21A2AFC950040369E /* TextFieldCell.m in Sources */ = {isa = PBXBuildFile; fileRef = 1DCCBCB11A2AFC950040369E /* TextFieldCell.m */; };
		1DDC3FD21A21482100E385F5 /* SupplierInventoryList.m in Sources */ = {isa = PBXBuildFile; fileRef = 1DDC3FD11A21482100E385F5 /* SupplierInventoryList.m */; };
		1DDC3FD51A2148B700E385F5 /* ToolListViewController.m in Sources */ = {isa = PBXBuildFile; fileRef = 1DDC3FD41A2148B700E385F5 /* ToolListViewController.m */; };
		1DEF9BC01A32475300FC2995 /* ToolTypeCell.m in Sources */ = {isa = PBXBuildFile; fileRef = 1DEF9BBF1A32475300FC2995 /* ToolTypeCell.m */; };
		1DEF9BC91A3267A500FC2995 /* APPViewController.m in Sources */ = {isa = PBXBuildFile; fileRef = 1DEF9BC71A3267A500FC2995 /* APPViewController.m */; };
		1DEF9BCC1A32C3B400FC2995 /* ToolFlagCell.m in Sources */ = {isa = PBXBuildFile; fileRef = 1DEF9BCB1A32C3B300FC2995 /* ToolFlagCell.m */; };
		2E27C4231A28DA2C001204FB /* InventoryListViewController.m in Sources */ = {isa = PBXBuildFile; fileRef = 2E27C4221A28DA2C001204FB /* InventoryListViewController.m */; };
		4A0241CF1A1DA49C00498E0B /* main.m in Sources */ = {isa = PBXBuildFile; fileRef = 4A0241CE1A1DA49C00498E0B /* main.m */; };
		4A0241D21A1DA49C00498E0B /* AppDelegate.m in Sources */ = {isa = PBXBuildFile; fileRef = 4A0241D11A1DA49C00498E0B /* AppDelegate.m */; };
		4A0241D51A1DA49C00498E0B /* ViewController.m in Sources */ = {isa = PBXBuildFile; fileRef = 4A0241D41A1DA49C00498E0B /* ViewController.m */; };
		4A0241D81A1DA49D00498E0B /* Main.storyboard in Resources */ = {isa = PBXBuildFile; fileRef = 4A0241D61A1DA49D00498E0B /* Main.storyboard */; };
		4A0241DA1A1DA49D00498E0B /* Images.xcassets in Resources */ = {isa = PBXBuildFile; fileRef = 4A0241D91A1DA49D00498E0B /* Images.xcassets */; };
		4A0241DD1A1DA49D00498E0B /* LaunchScreen.xib in Resources */ = {isa = PBXBuildFile; fileRef = 4A0241DB1A1DA49D00498E0B /* LaunchScreen.xib */; };
		4A0241E91A1DA49D00498E0B /* ToolsTests.m in Sources */ = {isa = PBXBuildFile; fileRef = 4A0241E81A1DA49D00498E0B /* ToolsTests.m */; };
		4A0241F71A1DA66C00498E0B /* AudioToolbox.framework in Frameworks */ = {isa = PBXBuildFile; fileRef = 4A0241F61A1DA66C00498E0B /* AudioToolbox.framework */; };
		4A0242011A1DA6AB00498E0B /* CFNetwork.framework in Frameworks */ = {isa = PBXBuildFile; fileRef = 4A0241F81A1DA6AA00498E0B /* CFNetwork.framework */; };
		4A0242021A1DA6AB00498E0B /* CoreGraphics.framework in Frameworks */ = {isa = PBXBuildFile; fileRef = 4A0241F91A1DA6AA00498E0B /* CoreGraphics.framework */; };
		4A0242031A1DA6AB00498E0B /* CoreLocation.framework in Frameworks */ = {isa = PBXBuildFile; fileRef = 4A0241FA1A1DA6AA00498E0B /* CoreLocation.framework */; };
		4A0242041A1DA6AB00498E0B /* libz.dylib in Frameworks */ = {isa = PBXBuildFile; fileRef = 4A0241FB1A1DA6AB00498E0B /* libz.dylib */; };
		4A0242051A1DA6AB00498E0B /* MobileCoreServices.framework in Frameworks */ = {isa = PBXBuildFile; fileRef = 4A0241FC1A1DA6AB00498E0B /* MobileCoreServices.framework */; };
		4A0242061A1DA6AB00498E0B /* QuartzCore.framework in Frameworks */ = {isa = PBXBuildFile; fileRef = 4A0241FD1A1DA6AB00498E0B /* QuartzCore.framework */; };
		4A0242071A1DA6AB00498E0B /* Security.framework in Frameworks */ = {isa = PBXBuildFile; fileRef = 4A0241FE1A1DA6AB00498E0B /* Security.framework */; };
		4A0242081A1DA6AB00498E0B /* StoreKit.framework in Frameworks */ = {isa = PBXBuildFile; fileRef = 4A0241FF1A1DA6AB00498E0B /* StoreKit.framework */; };
		4A0242091A1DA6AB00498E0B /* SystemConfiguration.framework in Frameworks */ = {isa = PBXBuildFile; fileRef = 4A0242001A1DA6AB00498E0B /* SystemConfiguration.framework */; };
		4A02420D1A1DA90B00498E0B /* LoginViewController.m in Sources */ = {isa = PBXBuildFile; fileRef = 4A02420C1A1DA90B00498E0B /* LoginViewController.m */; };
		4A39E1D21A2D72890082D390 /* SupplierListViewController.m in Sources */ = {isa = PBXBuildFile; fileRef = 4A39E1D11A2D72890082D390 /* SupplierListViewController.m */; };
		4A39E1D51A2F72EB0082D390 /* SupplierTabBarController.m in Sources */ = {isa = PBXBuildFile; fileRef = 4A39E1D41A2F72EB0082D390 /* SupplierTabBarController.m */; };
		4A7DFE7C1A25854D0046B3AE /* LoadView.m in Sources */ = {isa = PBXBuildFile; fileRef = 4AF264251A213F8C002D0463 /* LoadView.m */; };
		4A9172211A1DB590006E5C8A /* LoadingView.m in Sources */ = {isa = PBXBuildFile; fileRef = 4A9172201A1DB590006E5C8A /* LoadingView.m */; };
		4A9172241A1DBA6C006E5C8A /* OEMTabViewController.m in Sources */ = {isa = PBXBuildFile; fileRef = 4A9172231A1DBA6C006E5C8A /* OEMTabViewController.m */; };
		4A9172411A1EB040006E5C8A /* CameraViewController.m in Sources */ = {isa = PBXBuildFile; fileRef = 4A9172401A1EB040006E5C8A /* CameraViewController.m */; };
		4AF22BFD1A1EBAEF00E1C317 /* AVFoundation.framework in Frameworks */ = {isa = PBXBuildFile; fileRef = 4AF22BF91A1EBAEF00E1C317 /* AVFoundation.framework */; };
		4AF22BFE1A1EBAEF00E1C317 /* CoreMedia.framework in Frameworks */ = {isa = PBXBuildFile; fileRef = 4AF22BFA1A1EBAEF00E1C317 /* CoreMedia.framework */; };
		4AF22BFF1A1EBAEF00E1C317 /* CoreVideo.framework in Frameworks */ = {isa = PBXBuildFile; fileRef = 4AF22BFB1A1EBAEF00E1C317 /* CoreVideo.framework */; };
		4AF22C001A1EBAEF00E1C317 /* libiconv.dylib in Frameworks */ = {isa = PBXBuildFile; fileRef = 4AF22BFC1A1EBAEF00E1C317 /* libiconv.dylib */; };
		4AF2641D1A213CF7002D0463 /* LoadView.xib in Resources */ = {isa = PBXBuildFile; fileRef = 4AF2641C1A213CF7002D0463 /* LoadView.xib */; };
		4AF5AB8B1A3544EE00D945D4 /* SupplierInventoryListViewController.m in Sources */ = {isa = PBXBuildFile; fileRef = 4AF5AB8A1A3544EE00D945D4 /* SupplierInventoryListViewController.m */; };
/* End PBXBuildFile section */

/* Begin PBXContainerItemProxy section */
		4A0241E31A1DA49D00498E0B /* PBXContainerItemProxy */ = {
			isa = PBXContainerItemProxy;
			containerPortal = 4A0241C11A1DA49C00498E0B /* Project object */;
			proxyType = 1;
			remoteGlobalIDString = 4A0241C81A1DA49C00498E0B;
			remoteInfo = Tools;
		};
/* End PBXContainerItemProxy section */

/* Begin PBXFileReference section */
		1D2D8E081A1FC4A90035E144 /* Bolts.framework */ = {isa = PBXFileReference; lastKnownFileType = wrapper.framework; path = Bolts.framework; sourceTree = "<group>"; };
		1D2D8E091A1FC4A90035E144 /* Parse.framework */ = {isa = PBXFileReference; lastKnownFileType = wrapper.framework; path = Parse.framework; sourceTree = "<group>"; };
		1D2D8E0A1A1FC4A90035E144 /* ParseFacebookUtils.framework */ = {isa = PBXFileReference; lastKnownFileType = wrapper.framework; path = ParseFacebookUtils.framework; sourceTree = "<group>"; };
		1D2D8E0B1A1FC4A90035E144 /* ParseUI.framework */ = {isa = PBXFileReference; lastKnownFileType = wrapper.framework; path = ParseUI.framework; sourceTree = "<group>"; };
		1D4B6C281A342B2200EEA535 /* ReviewTabBarController.h */ = {isa = PBXFileReference; fileEncoding = 4; lastKnownFileType = sourcecode.c.h; path = ReviewTabBarController.h; sourceTree = "<group>"; };
		1D4B6C291A342B2200EEA535 /* ReviewTabBarController.m */ = {isa = PBXFileReference; fileEncoding = 4; lastKnownFileType = sourcecode.c.objc; path = ReviewTabBarController.m; sourceTree = "<group>"; };
		1DCCBCA41A27F6E70040369E /* AddToolTableViewController.h */ = {isa = PBXFileReference; fileEncoding = 4; lastKnownFileType = sourcecode.c.h; path = AddToolTableViewController.h; sourceTree = "<group>"; };
		1DCCBCA51A27F6E70040369E /* AddToolTableViewController.m */ = {isa = PBXFileReference; fileEncoding = 4; lastKnownFileType = sourcecode.c.objc; path = AddToolTableViewController.m; sourceTree = "<group>"; };
		1DCCBCA71A29992F0040369E /* MapViewController.h */ = {isa = PBXFileReference; fileEncoding = 4; lastKnownFileType = sourcecode.c.h; path = MapViewController.h; sourceTree = "<group>"; };
		1DCCBCA81A29992F0040369E /* MapViewController.m */ = {isa = PBXFileReference; fileEncoding = 4; lastKnownFileType = sourcecode.c.objc; path = MapViewController.m; sourceTree = "<group>"; };
		1DCCBCAA1A299C0C0040369E /* MapKit.framework */ = {isa = PBXFileReference; lastKnownFileType = wrapper.framework; name = MapKit.framework; path = System/Library/Frameworks/MapKit.framework; sourceTree = SDKROOT; };
		1DCCBCAD1A2A7CC50040369E /* PartNoCell.h */ = {isa = PBXFileReference; fileEncoding = 4; lastKnownFileType = sourcecode.c.h; path = PartNoCell.h; sourceTree = "<group>"; };
		1DCCBCAE1A2A7CC50040369E /* PartNoCell.m */ = {isa = PBXFileReference; fileEncoding = 4; lastKnownFileType = sourcecode.c.objc; path = PartNoCell.m; sourceTree = "<group>"; };
		1DCCBCB01A2AFC950040369E /* TextFieldCell.h */ = {isa = PBXFileReference; fileEncoding = 4; lastKnownFileType = sourcecode.c.h; path = TextFieldCell.h; sourceTree = "<group>"; };
		1DCCBCB11A2AFC950040369E /* TextFieldCell.m */ = {isa = PBXFileReference; fileEncoding = 4; lastKnownFileType = sourcecode.c.objc; path = TextFieldCell.m; sourceTree = "<group>"; };
		1DDC3FD01A21482100E385F5 /* SupplierInventoryList.h */ = {isa = PBXFileReference; fileEncoding = 4; lastKnownFileType = sourcecode.c.h; path = SupplierInventoryList.h; sourceTree = "<group>"; };
		1DDC3FD11A21482100E385F5 /* SupplierInventoryList.m */ = {isa = PBXFileReference; fileEncoding = 4; lastKnownFileType = sourcecode.c.objc; path = SupplierInventoryList.m; sourceTree = "<group>"; };
		1DDC3FD31A2148B700E385F5 /* ToolListViewController.h */ = {isa = PBXFileReference; fileEncoding = 4; lastKnownFileType = sourcecode.c.h; path = ToolListViewController.h; sourceTree = "<group>"; };
		1DDC3FD41A2148B700E385F5 /* ToolListViewController.m */ = {isa = PBXFileReference; fileEncoding = 4; lastKnownFileType = sourcecode.c.objc; path = ToolListViewController.m; sourceTree = "<group>"; };
		1DEF9BBE1A32475300FC2995 /* ToolTypeCell.h */ = {isa = PBXFileReference; fileEncoding = 4; lastKnownFileType = sourcecode.c.h; path = ToolTypeCell.h; sourceTree = "<group>"; };
		1DEF9BBF1A32475300FC2995 /* ToolTypeCell.m */ = {isa = PBXFileReference; fileEncoding = 4; lastKnownFileType = sourcecode.c.objc; path = ToolTypeCell.m; sourceTree = "<group>"; };
		1DEF9BC61A3267A500FC2995 /* APPViewController.h */ = {isa = PBXFileReference; fileEncoding = 4; lastKnownFileType = sourcecode.c.h; path = APPViewController.h; sourceTree = "<group>"; };
		1DEF9BC71A3267A500FC2995 /* APPViewController.m */ = {isa = PBXFileReference; fileEncoding = 4; lastKnownFileType = sourcecode.c.objc; path = APPViewController.m; sourceTree = "<group>"; };
		1DEF9BCA1A32C3B300FC2995 /* ToolFlagCell.h */ = {isa = PBXFileReference; fileEncoding = 4; lastKnownFileType = sourcecode.c.h; path = ToolFlagCell.h; sourceTree = "<group>"; };
		1DEF9BCB1A32C3B300FC2995 /* ToolFlagCell.m */ = {isa = PBXFileReference; fileEncoding = 4; lastKnownFileType = sourcecode.c.objc; path = ToolFlagCell.m; sourceTree = "<group>"; };
		2E27C4211A28DA2C001204FB /* InventoryListViewController.h */ = {isa = PBXFileReference; fileEncoding = 4; lastKnownFileType = sourcecode.c.h; name = InventoryListViewController.h; path = ../InventoryListViewController.h; sourceTree = "<group>"; };
		2E27C4221A28DA2C001204FB /* InventoryListViewController.m */ = {isa = PBXFileReference; fileEncoding = 4; lastKnownFileType = sourcecode.c.objc; name = InventoryListViewController.m; path = ../InventoryListViewController.m; sourceTree = "<group>"; };
		4A0241C91A1DA49C00498E0B /* Tools.app */ = {isa = PBXFileReference; explicitFileType = wrapper.application; includeInIndex = 0; path = Tools.app; sourceTree = BUILT_PRODUCTS_DIR; };
		4A0241CD1A1DA49C00498E0B /* Info.plist */ = {isa = PBXFileReference; lastKnownFileType = text.plist.xml; path = Info.plist; sourceTree = "<group>"; };
		4A0241CE1A1DA49C00498E0B /* main.m */ = {isa = PBXFileReference; lastKnownFileType = sourcecode.c.objc; path = main.m; sourceTree = "<group>"; };
		4A0241D01A1DA49C00498E0B /* AppDelegate.h */ = {isa = PBXFileReference; lastKnownFileType = sourcecode.c.h; path = AppDelegate.h; sourceTree = "<group>"; };
		4A0241D11A1DA49C00498E0B /* AppDelegate.m */ = {isa = PBXFileReference; lastKnownFileType = sourcecode.c.objc; path = AppDelegate.m; sourceTree = "<group>"; };
		4A0241D31A1DA49C00498E0B /* ViewController.h */ = {isa = PBXFileReference; lastKnownFileType = sourcecode.c.h; path = ViewController.h; sourceTree = "<group>"; };
		4A0241D41A1DA49C00498E0B /* ViewController.m */ = {isa = PBXFileReference; lastKnownFileType = sourcecode.c.objc; path = ViewController.m; sourceTree = "<group>"; };
		4A0241D71A1DA49D00498E0B /* Base */ = {isa = PBXFileReference; lastKnownFileType = file.storyboard; name = Base; path = Base.lproj/Main.storyboard; sourceTree = "<group>"; };
		4A0241D91A1DA49D00498E0B /* Images.xcassets */ = {isa = PBXFileReference; lastKnownFileType = folder.assetcatalog; path = Images.xcassets; sourceTree = "<group>"; };
		4A0241DC1A1DA49D00498E0B /* Base */ = {isa = PBXFileReference; lastKnownFileType = file.xib; name = Base; path = Base.lproj/LaunchScreen.xib; sourceTree = "<group>"; };
		4A0241E21A1DA49D00498E0B /* ToolsTests.xctest */ = {isa = PBXFileReference; explicitFileType = wrapper.cfbundle; includeInIndex = 0; path = ToolsTests.xctest; sourceTree = BUILT_PRODUCTS_DIR; };
		4A0241E71A1DA49D00498E0B /* Info.plist */ = {isa = PBXFileReference; lastKnownFileType = text.plist.xml; path = Info.plist; sourceTree = "<group>"; };
		4A0241E81A1DA49D00498E0B /* ToolsTests.m */ = {isa = PBXFileReference; lastKnownFileType = sourcecode.c.objc; path = ToolsTests.m; sourceTree = "<group>"; };
		4A0241F61A1DA66C00498E0B /* AudioToolbox.framework */ = {isa = PBXFileReference; lastKnownFileType = wrapper.framework; name = AudioToolbox.framework; path = System/Library/Frameworks/AudioToolbox.framework; sourceTree = SDKROOT; };
		4A0241F81A1DA6AA00498E0B /* CFNetwork.framework */ = {isa = PBXFileReference; lastKnownFileType = wrapper.framework; name = CFNetwork.framework; path = System/Library/Frameworks/CFNetwork.framework; sourceTree = SDKROOT; };
		4A0241F91A1DA6AA00498E0B /* CoreGraphics.framework */ = {isa = PBXFileReference; lastKnownFileType = wrapper.framework; name = CoreGraphics.framework; path = System/Library/Frameworks/CoreGraphics.framework; sourceTree = SDKROOT; };
		4A0241FA1A1DA6AA00498E0B /* CoreLocation.framework */ = {isa = PBXFileReference; lastKnownFileType = wrapper.framework; name = CoreLocation.framework; path = System/Library/Frameworks/CoreLocation.framework; sourceTree = SDKROOT; };
		4A0241FB1A1DA6AB00498E0B /* libz.dylib */ = {isa = PBXFileReference; lastKnownFileType = "compiled.mach-o.dylib"; name = libz.dylib; path = usr/lib/libz.dylib; sourceTree = SDKROOT; };
		4A0241FC1A1DA6AB00498E0B /* MobileCoreServices.framework */ = {isa = PBXFileReference; lastKnownFileType = wrapper.framework; name = MobileCoreServices.framework; path = System/Library/Frameworks/MobileCoreServices.framework; sourceTree = SDKROOT; };
		4A0241FD1A1DA6AB00498E0B /* QuartzCore.framework */ = {isa = PBXFileReference; lastKnownFileType = wrapper.framework; name = QuartzCore.framework; path = System/Library/Frameworks/QuartzCore.framework; sourceTree = SDKROOT; };
		4A0241FE1A1DA6AB00498E0B /* Security.framework */ = {isa = PBXFileReference; lastKnownFileType = wrapper.framework; name = Security.framework; path = System/Library/Frameworks/Security.framework; sourceTree = SDKROOT; };
		4A0241FF1A1DA6AB00498E0B /* StoreKit.framework */ = {isa = PBXFileReference; lastKnownFileType = wrapper.framework; name = StoreKit.framework; path = System/Library/Frameworks/StoreKit.framework; sourceTree = SDKROOT; };
		4A0242001A1DA6AB00498E0B /* SystemConfiguration.framework */ = {isa = PBXFileReference; lastKnownFileType = wrapper.framework; name = SystemConfiguration.framework; path = System/Library/Frameworks/SystemConfiguration.framework; sourceTree = SDKROOT; };
		4A02420B1A1DA90B00498E0B /* LoginViewController.h */ = {isa = PBXFileReference; fileEncoding = 4; lastKnownFileType = sourcecode.c.h; path = LoginViewController.h; sourceTree = "<group>"; };
		4A02420C1A1DA90B00498E0B /* LoginViewController.m */ = {isa = PBXFileReference; fileEncoding = 4; lastKnownFileType = sourcecode.c.objc; path = LoginViewController.m; sourceTree = "<group>"; };
		4A39E1D01A2D72890082D390 /* SupplierListViewController.h */ = {isa = PBXFileReference; fileEncoding = 4; lastKnownFileType = sourcecode.c.h; path = SupplierListViewController.h; sourceTree = "<group>"; };
		4A39E1D11A2D72890082D390 /* SupplierListViewController.m */ = {isa = PBXFileReference; fileEncoding = 4; lastKnownFileType = sourcecode.c.objc; path = SupplierListViewController.m; sourceTree = "<group>"; };
		4A39E1D31A2F72EB0082D390 /* SupplierTabBarController.h */ = {isa = PBXFileReference; fileEncoding = 4; lastKnownFileType = sourcecode.c.h; path = SupplierTabBarController.h; sourceTree = "<group>"; };
		4A39E1D41A2F72EB0082D390 /* SupplierTabBarController.m */ = {isa = PBXFileReference; fileEncoding = 4; lastKnownFileType = sourcecode.c.objc; path = SupplierTabBarController.m; sourceTree = "<group>"; };
		4A91721F1A1DB590006E5C8A /* LoadingView.h */ = {isa = PBXFileReference; fileEncoding = 4; lastKnownFileType = sourcecode.c.h; path = LoadingView.h; sourceTree = "<group>"; };
		4A9172201A1DB590006E5C8A /* LoadingView.m */ = {isa = PBXFileReference; fileEncoding = 4; lastKnownFileType = sourcecode.c.objc; path = LoadingView.m; sourceTree = "<group>"; };
		4A9172221A1DBA6C006E5C8A /* OEMTabViewController.h */ = {isa = PBXFileReference; fileEncoding = 4; lastKnownFileType = sourcecode.c.h; path = OEMTabViewController.h; sourceTree = "<group>"; };
		4A9172231A1DBA6C006E5C8A /* OEMTabViewController.m */ = {isa = PBXFileReference; fileEncoding = 4; lastKnownFileType = sourcecode.c.objc; path = OEMTabViewController.m; sourceTree = "<group>"; };
		4A91723F1A1EB040006E5C8A /* CameraViewController.h */ = {isa = PBXFileReference; fileEncoding = 4; lastKnownFileType = sourcecode.c.h; path = CameraViewController.h; sourceTree = "<group>"; };
		4A9172401A1EB040006E5C8A /* CameraViewController.m */ = {isa = PBXFileReference; fileEncoding = 4; lastKnownFileType = sourcecode.c.objc; path = CameraViewController.m; sourceTree = "<group>"; };
		4AF22BF91A1EBAEF00E1C317 /* AVFoundation.framework */ = {isa = PBXFileReference; lastKnownFileType = wrapper.framework; name = AVFoundation.framework; path = System/Library/Frameworks/AVFoundation.framework; sourceTree = SDKROOT; };
		4AF22BFA1A1EBAEF00E1C317 /* CoreMedia.framework */ = {isa = PBXFileReference; lastKnownFileType = wrapper.framework; name = CoreMedia.framework; path = System/Library/Frameworks/CoreMedia.framework; sourceTree = SDKROOT; };
		4AF22BFB1A1EBAEF00E1C317 /* CoreVideo.framework */ = {isa = PBXFileReference; lastKnownFileType = wrapper.framework; name = CoreVideo.framework; path = System/Library/Frameworks/CoreVideo.framework; sourceTree = SDKROOT; };
		4AF22BFC1A1EBAEF00E1C317 /* libiconv.dylib */ = {isa = PBXFileReference; lastKnownFileType = "compiled.mach-o.dylib"; name = libiconv.dylib; path = usr/lib/libiconv.dylib; sourceTree = SDKROOT; };
		4AF2641C1A213CF7002D0463 /* LoadView.xib */ = {isa = PBXFileReference; fileEncoding = 4; lastKnownFileType = file.xib; path = LoadView.xib; sourceTree = "<group>"; };
		4AF264241A213F8C002D0463 /* LoadView.h */ = {isa = PBXFileReference; fileEncoding = 4; lastKnownFileType = sourcecode.c.h; path = LoadView.h; sourceTree = "<group>"; };
		4AF264251A213F8C002D0463 /* LoadView.m */ = {isa = PBXFileReference; fileEncoding = 4; lastKnownFileType = sourcecode.c.objc; path = LoadView.m; sourceTree = "<group>"; };
		4AF5AB891A3544EE00D945D4 /* SupplierInventoryListViewController.h */ = {isa = PBXFileReference; fileEncoding = 4; lastKnownFileType = sourcecode.c.h; path = SupplierInventoryListViewController.h; sourceTree = "<group>"; };
		4AF5AB8A1A3544EE00D945D4 /* SupplierInventoryListViewController.m */ = {isa = PBXFileReference; fileEncoding = 4; lastKnownFileType = sourcecode.c.objc; path = SupplierInventoryListViewController.m; sourceTree = "<group>"; };
/* End PBXFileReference section */

/* Begin PBXFrameworksBuildPhase section */
		4A0241C61A1DA49C00498E0B /* Frameworks */ = {
			isa = PBXFrameworksBuildPhase;
			buildActionMask = 2147483647;
			files = (
				1DCCBCAB1A299C0C0040369E /* MapKit.framework in Frameworks */,
				1D2D8E0F1A1FC4A90035E144 /* ParseUI.framework in Frameworks */,
				1D2D8E0C1A1FC4A90035E144 /* Bolts.framework in Frameworks */,
				4AF22BFD1A1EBAEF00E1C317 /* AVFoundation.framework in Frameworks */,
				4AF22BFE1A1EBAEF00E1C317 /* CoreMedia.framework in Frameworks */,
				4AF22BFF1A1EBAEF00E1C317 /* CoreVideo.framework in Frameworks */,
				4AF22C001A1EBAEF00E1C317 /* libiconv.dylib in Frameworks */,
				1D2D8E0E1A1FC4A90035E144 /* ParseFacebookUtils.framework in Frameworks */,
				4A0242011A1DA6AB00498E0B /* CFNetwork.framework in Frameworks */,
				1D2D8E0D1A1FC4A90035E144 /* Parse.framework in Frameworks */,
				4A0242021A1DA6AB00498E0B /* CoreGraphics.framework in Frameworks */,
				4A0242031A1DA6AB00498E0B /* CoreLocation.framework in Frameworks */,
				4A0242041A1DA6AB00498E0B /* libz.dylib in Frameworks */,
				4A0242051A1DA6AB00498E0B /* MobileCoreServices.framework in Frameworks */,
				4A0242061A1DA6AB00498E0B /* QuartzCore.framework in Frameworks */,
				4A0242071A1DA6AB00498E0B /* Security.framework in Frameworks */,
				4A0242081A1DA6AB00498E0B /* StoreKit.framework in Frameworks */,
				4A0242091A1DA6AB00498E0B /* SystemConfiguration.framework in Frameworks */,
				4A0241F71A1DA66C00498E0B /* AudioToolbox.framework in Frameworks */,
			);
			runOnlyForDeploymentPostprocessing = 0;
		};
		4A0241DF1A1DA49D00498E0B /* Frameworks */ = {
			isa = PBXFrameworksBuildPhase;
			buildActionMask = 2147483647;
			files = (
			);
			runOnlyForDeploymentPostprocessing = 0;
		};
/* End PBXFrameworksBuildPhase section */

/* Begin PBXGroup section */
		1DCCBCAC1A2A7C680040369E /* TextCells */ = {
			isa = PBXGroup;
			children = (
				1DCCBCAD1A2A7CC50040369E /* PartNoCell.h */,
				1DCCBCAE1A2A7CC50040369E /* PartNoCell.m */,
				1DCCBCB01A2AFC950040369E /* TextFieldCell.h */,
				1DCCBCB11A2AFC950040369E /* TextFieldCell.m */,
				1DEF9BBE1A32475300FC2995 /* ToolTypeCell.h */,
				1DEF9BBF1A32475300FC2995 /* ToolTypeCell.m */,
				1DEF9BCA1A32C3B300FC2995 /* ToolFlagCell.h */,
				1DEF9BCB1A32C3B300FC2995 /* ToolFlagCell.m */,
			);
			name = TextCells;
			sourceTree = "<group>";
		};
		4A0241C01A1DA49C00498E0B = {
			isa = PBXGroup;
			children = (
				1DCCBCAA1A299C0C0040369E /* MapKit.framework */,
				1D2D8E081A1FC4A90035E144 /* Bolts.framework */,
				1D2D8E091A1FC4A90035E144 /* Parse.framework */,
				1D2D8E0A1A1FC4A90035E144 /* ParseFacebookUtils.framework */,
				1D2D8E0B1A1FC4A90035E144 /* ParseUI.framework */,
				4AF22BF91A1EBAEF00E1C317 /* AVFoundation.framework */,
				4AF22BFA1A1EBAEF00E1C317 /* CoreMedia.framework */,
				4AF22BFB1A1EBAEF00E1C317 /* CoreVideo.framework */,
				4AF22BFC1A1EBAEF00E1C317 /* libiconv.dylib */,
				4A0241F81A1DA6AA00498E0B /* CFNetwork.framework */,
				4A0241F91A1DA6AA00498E0B /* CoreGraphics.framework */,
				4A0241FA1A1DA6AA00498E0B /* CoreLocation.framework */,
				4A0241FB1A1DA6AB00498E0B /* libz.dylib */,
				4A0241FC1A1DA6AB00498E0B /* MobileCoreServices.framework */,
				4A0241FD1A1DA6AB00498E0B /* QuartzCore.framework */,
				4A0241FE1A1DA6AB00498E0B /* Security.framework */,
				4A0241FF1A1DA6AB00498E0B /* StoreKit.framework */,
				4A0242001A1DA6AB00498E0B /* SystemConfiguration.framework */,
				4A0241F61A1DA66C00498E0B /* AudioToolbox.framework */,
				4A0241CB1A1DA49C00498E0B /* Tools */,
				4A0241E51A1DA49D00498E0B /* ToolsTests */,
				4A0241CA1A1DA49C00498E0B /* Products */,
			);
			sourceTree = "<group>";
		};
		4A0241CA1A1DA49C00498E0B /* Products */ = {
			isa = PBXGroup;
			children = (
				4A0241C91A1DA49C00498E0B /* Tools.app */,
				4A0241E21A1DA49D00498E0B /* ToolsTests.xctest */,
			);
			name = Products;
			sourceTree = "<group>";
		};
		4A0241CB1A1DA49C00498E0B /* Tools */ = {
			isa = PBXGroup;
			children = (
				1DCCBCAC1A2A7C680040369E /* TextCells */,
				4A91721E1A1DB568006E5C8A /* Views */,
				4A02420A1A1DA8DC00498E0B /* ViewControllers */,
				4A0241D01A1DA49C00498E0B /* AppDelegate.h */,
				4A0241D11A1DA49C00498E0B /* AppDelegate.m */,
				4A0241D31A1DA49C00498E0B /* ViewController.h */,
				4A0241D41A1DA49C00498E0B /* ViewController.m */,
				4A0241D61A1DA49D00498E0B /* Main.storyboard */,
				4A0241D91A1DA49D00498E0B /* Images.xcassets */,
				4A0241DB1A1DA49D00498E0B /* LaunchScreen.xib */,
				4A0241CC1A1DA49C00498E0B /* Supporting Files */,
			);
			path = Tools;
			sourceTree = "<group>";
		};
		4A0241CC1A1DA49C00498E0B /* Supporting Files */ = {
			isa = PBXGroup;
			children = (
				4A0241CD1A1DA49C00498E0B /* Info.plist */,
				4A0241CE1A1DA49C00498E0B /* main.m */,
			);
			name = "Supporting Files";
			sourceTree = "<group>";
		};
		4A0241E51A1DA49D00498E0B /* ToolsTests */ = {
			isa = PBXGroup;
			children = (
				4A0241E81A1DA49D00498E0B /* ToolsTests.m */,
				4A0241E61A1DA49D00498E0B /* Supporting Files */,
			);
			path = ToolsTests;
			sourceTree = "<group>";
		};
		4A0241E61A1DA49D00498E0B /* Supporting Files */ = {
			isa = PBXGroup;
			children = (
				4A0241E71A1DA49D00498E0B /* Info.plist */,
			);
			name = "Supporting Files";
			sourceTree = "<group>";
		};
		4A02420A1A1DA8DC00498E0B /* ViewControllers */ = {
			isa = PBXGroup;
			children = (
				1DEF9BC61A3267A500FC2995 /* APPViewController.h */,
				1DEF9BC71A3267A500FC2995 /* APPViewController.m */,
				4A39E1D01A2D72890082D390 /* SupplierListViewController.h */,
				4A39E1D11A2D72890082D390 /* SupplierListViewController.m */,
				2E27C4211A28DA2C001204FB /* InventoryListViewController.h */,
				2E27C4221A28DA2C001204FB /* InventoryListViewController.m */,
				1DCCBCA71A29992F0040369E /* MapViewController.h */,
				1DCCBCA81A29992F0040369E /* MapViewController.m */,
				1DCCBCA41A27F6E70040369E /* AddToolTableViewController.h */,
				1DCCBCA51A27F6E70040369E /* AddToolTableViewController.m */,
				4A02420B1A1DA90B00498E0B /* LoginViewController.h */,
				4A02420C1A1DA90B00498E0B /* LoginViewController.m */,
				4A9172221A1DBA6C006E5C8A /* OEMTabViewController.h */,
				4A9172231A1DBA6C006E5C8A /* OEMTabViewController.m */,
				4A91723F1A1EB040006E5C8A /* CameraViewController.h */,
				4A9172401A1EB040006E5C8A /* CameraViewController.m */,
				1DDC3FD01A21482100E385F5 /* SupplierInventoryList.h */,
				1DDC3FD11A21482100E385F5 /* SupplierInventoryList.m */,
				1DDC3FD31A2148B700E385F5 /* ToolListViewController.h */,
				1DDC3FD41A2148B700E385F5 /* ToolListViewController.m */,
				1D4B6C281A342B2200EEA535 /* ReviewTabBarController.h */,
				1D4B6C291A342B2200EEA535 /* ReviewTabBarController.m */,
				4A39E1D31A2F72EB0082D390 /* SupplierTabBarController.h */,
				4A39E1D41A2F72EB0082D390 /* SupplierTabBarController.m */,
				4AF5AB891A3544EE00D945D4 /* SupplierInventoryListViewController.h */,
				4AF5AB8A1A3544EE00D945D4 /* SupplierInventoryListViewController.m */,
			);
			name = ViewControllers;
			sourceTree = "<group>";
		};
		4A91721E1A1DB568006E5C8A /* Views */ = {
			isa = PBXGroup;
			children = (
				4AF264241A213F8C002D0463 /* LoadView.h */,
				4AF264251A213F8C002D0463 /* LoadView.m */,
				4AF2641C1A213CF7002D0463 /* LoadView.xib */,
				4A91721F1A1DB590006E5C8A /* LoadingView.h */,
				4A9172201A1DB590006E5C8A /* LoadingView.m */,
			);
			name = Views;
			sourceTree = "<group>";
		};
/* End PBXGroup section */

/* Begin PBXNativeTarget section */
		4A0241C81A1DA49C00498E0B /* Tools */ = {
			isa = PBXNativeTarget;
			buildConfigurationList = 4A0241EC1A1DA49D00498E0B /* Build configuration list for PBXNativeTarget "Tools" */;
			buildPhases = (
				4A0241C51A1DA49C00498E0B /* Sources */,
				4A0241C61A1DA49C00498E0B /* Frameworks */,
				4A0241C71A1DA49C00498E0B /* Resources */,
			);
			buildRules = (
			);
			dependencies = (
			);
			name = Tools;
			productName = Tools;
			productReference = 4A0241C91A1DA49C00498E0B /* Tools.app */;
			productType = "com.apple.product-type.application";
		};
		4A0241E11A1DA49D00498E0B /* ToolsTests */ = {
			isa = PBXNativeTarget;
			buildConfigurationList = 4A0241EF1A1DA49D00498E0B /* Build configuration list for PBXNativeTarget "ToolsTests" */;
			buildPhases = (
				4A0241DE1A1DA49D00498E0B /* Sources */,
				4A0241DF1A1DA49D00498E0B /* Frameworks */,
				4A0241E01A1DA49D00498E0B /* Resources */,
			);
			buildRules = (
			);
			dependencies = (
				4A0241E41A1DA49D00498E0B /* PBXTargetDependency */,
			);
			name = ToolsTests;
			productName = ToolsTests;
			productReference = 4A0241E21A1DA49D00498E0B /* ToolsTests.xctest */;
			productType = "com.apple.product-type.bundle.unit-test";
		};
/* End PBXNativeTarget section */

/* Begin PBXProject section */
		4A0241C11A1DA49C00498E0B /* Project object */ = {
			isa = PBXProject;
			attributes = {
				LastUpgradeCheck = 0610;
				ORGANIZATIONNAME = Fun;
				TargetAttributes = {
					4A0241C81A1DA49C00498E0B = {
						CreatedOnToolsVersion = 6.1;
						DevelopmentTeam = Y4KNF8GPPR;
					};
					4A0241E11A1DA49D00498E0B = {
						CreatedOnToolsVersion = 6.1;
						DevelopmentTeam = Y4KNF8GPPR;
						TestTargetID = 4A0241C81A1DA49C00498E0B;
					};
				};
			};
			buildConfigurationList = 4A0241C41A1DA49C00498E0B /* Build configuration list for PBXProject "Tools" */;
			compatibilityVersion = "Xcode 3.2";
			developmentRegion = English;
			hasScannedForEncodings = 0;
			knownRegions = (
				en,
				Base,
			);
			mainGroup = 4A0241C01A1DA49C00498E0B;
			productRefGroup = 4A0241CA1A1DA49C00498E0B /* Products */;
			projectDirPath = "";
			projectRoot = "";
			targets = (
				4A0241C81A1DA49C00498E0B /* Tools */,
				4A0241E11A1DA49D00498E0B /* ToolsTests */,
			);
		};
/* End PBXProject section */

/* Begin PBXResourcesBuildPhase section */
		4A0241C71A1DA49C00498E0B /* Resources */ = {
			isa = PBXResourcesBuildPhase;
			buildActionMask = 2147483647;
			files = (
				4AF2641D1A213CF7002D0463 /* LoadView.xib in Resources */,
				4A0241D81A1DA49D00498E0B /* Main.storyboard in Resources */,
				4A0241DD1A1DA49D00498E0B /* LaunchScreen.xib in Resources */,
				4A0241DA1A1DA49D00498E0B /* Images.xcassets in Resources */,
			);
			runOnlyForDeploymentPostprocessing = 0;
		};
		4A0241E01A1DA49D00498E0B /* Resources */ = {
			isa = PBXResourcesBuildPhase;
			buildActionMask = 2147483647;
			files = (
			);
			runOnlyForDeploymentPostprocessing = 0;
		};
/* End PBXResourcesBuildPhase section */

/* Begin PBXSourcesBuildPhase section */
		4A0241C51A1DA49C00498E0B /* Sources */ = {
			isa = PBXSourcesBuildPhase;
			buildActionMask = 2147483647;
			files = (
				1DCCBCB21A2AFC950040369E /* TextFieldCell.m in Sources */,
				4A39E1D51A2F72EB0082D390 /* SupplierTabBarController.m in Sources */,
				4A7DFE7C1A25854D0046B3AE /* LoadView.m in Sources */,
				4AF5AB8B1A3544EE00D945D4 /* SupplierInventoryListViewController.m in Sources */,
				4A02420D1A1DA90B00498E0B /* LoginViewController.m in Sources */,
				4A9172241A1DBA6C006E5C8A /* OEMTabViewController.m in Sources */,
				1DEF9BC91A3267A500FC2995 /* APPViewController.m in Sources */,
				4A9172211A1DB590006E5C8A /* LoadingView.m in Sources */,
				1D4B6C2A1A342B2200EEA535 /* ReviewTabBarController.m in Sources */,
				1DDC3FD51A2148B700E385F5 /* ToolListViewController.m in Sources */,
				4A39E1D21A2D72890082D390 /* SupplierListViewController.m in Sources */,
				1DDC3FD21A21482100E385F5 /* SupplierInventoryList.m in Sources */,
				1DCCBCAF1A2A7CC50040369E /* PartNoCell.m in Sources */,
				1DCCBCA61A27F6E70040369E /* AddToolTableViewController.m in Sources */,
				1DEF9BC01A32475300FC2995 /* ToolTypeCell.m in Sources */,
				4A0241D51A1DA49C00498E0B /* ViewController.m in Sources */,
				4A0241D21A1DA49C00498E0B /* AppDelegate.m in Sources */,
				2E27C4231A28DA2C001204FB /* InventoryListViewController.m in Sources */,
				4A9172411A1EB040006E5C8A /* CameraViewController.m in Sources */,
				1DEF9BCC1A32C3B400FC2995 /* ToolFlagCell.m in Sources */,
				4A0241CF1A1DA49C00498E0B /* main.m in Sources */,
				1DCCBCA91A29992F0040369E /* MapViewController.m in Sources */,
			);
			runOnlyForDeploymentPostprocessing = 0;
		};
		4A0241DE1A1DA49D00498E0B /* Sources */ = {
			isa = PBXSourcesBuildPhase;
			buildActionMask = 2147483647;
			files = (
				4A0241E91A1DA49D00498E0B /* ToolsTests.m in Sources */,
			);
			runOnlyForDeploymentPostprocessing = 0;
		};
/* End PBXSourcesBuildPhase section */

/* Begin PBXTargetDependency section */
		4A0241E41A1DA49D00498E0B /* PBXTargetDependency */ = {
			isa = PBXTargetDependency;
			target = 4A0241C81A1DA49C00498E0B /* Tools */;
			targetProxy = 4A0241E31A1DA49D00498E0B /* PBXContainerItemProxy */;
		};
/* End PBXTargetDependency section */

/* Begin PBXVariantGroup section */
		4A0241D61A1DA49D00498E0B /* Main.storyboard */ = {
			isa = PBXVariantGroup;
			children = (
				4A0241D71A1DA49D00498E0B /* Base */,
			);
			name = Main.storyboard;
			sourceTree = "<group>";
		};
		4A0241DB1A1DA49D00498E0B /* LaunchScreen.xib */ = {
			isa = PBXVariantGroup;
			children = (
				4A0241DC1A1DA49D00498E0B /* Base */,
			);
			name = LaunchScreen.xib;
			sourceTree = "<group>";
		};
/* End PBXVariantGroup section */

/* Begin XCBuildConfiguration section */
		4A0241EA1A1DA49D00498E0B /* Debug */ = {
			isa = XCBuildConfiguration;
			buildSettings = {
				ALWAYS_SEARCH_USER_PATHS = NO;
				CLANG_CXX_LANGUAGE_STANDARD = "gnu++0x";
				CLANG_CXX_LIBRARY = "libc++";
				CLANG_ENABLE_MODULES = YES;
				CLANG_ENABLE_OBJC_ARC = YES;
				CLANG_WARN_BOOL_CONVERSION = YES;
				CLANG_WARN_CONSTANT_CONVERSION = YES;
				CLANG_WARN_DIRECT_OBJC_ISA_USAGE = YES_ERROR;
				CLANG_WARN_EMPTY_BODY = YES;
				CLANG_WARN_ENUM_CONVERSION = YES;
				CLANG_WARN_INT_CONVERSION = YES;
				CLANG_WARN_OBJC_ROOT_CLASS = YES_ERROR;
				CLANG_WARN_UNREACHABLE_CODE = YES;
				CLANG_WARN__DUPLICATE_METHOD_MATCH = YES;
				"CODE_SIGN_IDENTITY[sdk=iphoneos*]" = "iPhone Developer";
				COPY_PHASE_STRIP = NO;
				ENABLE_STRICT_OBJC_MSGSEND = YES;
				GCC_C_LANGUAGE_STANDARD = gnu99;
				GCC_DYNAMIC_NO_PIC = NO;
				GCC_OPTIMIZATION_LEVEL = 0;
				GCC_PREPROCESSOR_DEFINITIONS = (
					"DEBUG=1",
					"$(inherited)",
				);
				GCC_SYMBOLS_PRIVATE_EXTERN = NO;
				GCC_WARN_64_TO_32_BIT_CONVERSION = YES;
				GCC_WARN_ABOUT_RETURN_TYPE = YES_ERROR;
				GCC_WARN_UNDECLARED_SELECTOR = YES;
				GCC_WARN_UNINITIALIZED_AUTOS = YES_AGGRESSIVE;
				GCC_WARN_UNUSED_FUNCTION = YES;
				GCC_WARN_UNUSED_VARIABLE = YES;
				IPHONEOS_DEPLOYMENT_TARGET = 8.1;
				MTL_ENABLE_DEBUG_INFO = YES;
				ONLY_ACTIVE_ARCH = YES;
				SDKROOT = iphoneos;
			};
			name = Debug;
		};
		4A0241EB1A1DA49D00498E0B /* Release */ = {
			isa = XCBuildConfiguration;
			buildSettings = {
				ALWAYS_SEARCH_USER_PATHS = NO;
				CLANG_CXX_LANGUAGE_STANDARD = "gnu++0x";
				CLANG_CXX_LIBRARY = "libc++";
				CLANG_ENABLE_MODULES = YES;
				CLANG_ENABLE_OBJC_ARC = YES;
				CLANG_WARN_BOOL_CONVERSION = YES;
				CLANG_WARN_CONSTANT_CONVERSION = YES;
				CLANG_WARN_DIRECT_OBJC_ISA_USAGE = YES_ERROR;
				CLANG_WARN_EMPTY_BODY = YES;
				CLANG_WARN_ENUM_CONVERSION = YES;
				CLANG_WARN_INT_CONVERSION = YES;
				CLANG_WARN_OBJC_ROOT_CLASS = YES_ERROR;
				CLANG_WARN_UNREACHABLE_CODE = YES;
				CLANG_WARN__DUPLICATE_METHOD_MATCH = YES;
				"CODE_SIGN_IDENTITY[sdk=iphoneos*]" = "iPhone Developer";
				COPY_PHASE_STRIP = YES;
				ENABLE_NS_ASSERTIONS = NO;
				ENABLE_STRICT_OBJC_MSGSEND = YES;
				GCC_C_LANGUAGE_STANDARD = gnu99;
				GCC_WARN_64_TO_32_BIT_CONVERSION = YES;
				GCC_WARN_ABOUT_RETURN_TYPE = YES_ERROR;
				GCC_WARN_UNDECLARED_SELECTOR = YES;
				GCC_WARN_UNINITIALIZED_AUTOS = YES_AGGRESSIVE;
				GCC_WARN_UNUSED_FUNCTION = YES;
				GCC_WARN_UNUSED_VARIABLE = YES;
				IPHONEOS_DEPLOYMENT_TARGET = 8.1;
				MTL_ENABLE_DEBUG_INFO = NO;
				SDKROOT = iphoneos;
				VALIDATE_PRODUCT = YES;
			};
			name = Release;
		};
		4A0241ED1A1DA49D00498E0B /* Debug */ = {
			isa = XCBuildConfiguration;
			buildSettings = {
				ASSETCATALOG_COMPILER_APPICON_NAME = AppIcon;
				FRAMEWORK_SEARCH_PATHS = (
					"$(inherited)",
					"$(PROJECT_DIR)",
				);
				INFOPLIST_FILE = Tools/Info.plist;
				LD_RUNPATH_SEARCH_PATHS = "$(inherited) @executable_path/Frameworks";
				LIBRARY_SEARCH_PATHS = "";
				New_Setting = "";
				PRODUCT_NAME = "$(TARGET_NAME)";
				VALID_ARCHS = "armv7 armv7s arm64";
			};
			name = Debug;
		};
		4A0241EE1A1DA49D00498E0B /* Release */ = {
			isa = XCBuildConfiguration;
			buildSettings = {
				ASSETCATALOG_COMPILER_APPICON_NAME = AppIcon;
				FRAMEWORK_SEARCH_PATHS = (
					"$(inherited)",
					"$(PROJECT_DIR)",
				);
				INFOPLIST_FILE = Tools/Info.plist;
				LD_RUNPATH_SEARCH_PATHS = "$(inherited) @executable_path/Frameworks";
				LIBRARY_SEARCH_PATHS = "";
				New_Setting = "";
				PRODUCT_NAME = "$(TARGET_NAME)";
				VALID_ARCHS = "armv7 armv7s arm64";
			};
			name = Release;
		};
		4A0241F01A1DA49D00498E0B /* Debug */ = {
			isa = XCBuildConfiguration;
			buildSettings = {
				BUNDLE_LOADER = "$(TEST_HOST)";
				CODE_SIGN_IDENTITY = "iPhone Developer";
				"CODE_SIGN_IDENTITY[sdk=iphoneos*]" = "iPhone Developer";
				FRAMEWORK_SEARCH_PATHS = (
					"$(SDKROOT)/Developer/Library/Frameworks",
					"$(inherited)",
				);
				GCC_PREPROCESSOR_DEFINITIONS = (
					"DEBUG=1",
					"$(inherited)",
				);
				INFOPLIST_FILE = ToolsTests/Info.plist;
				LD_RUNPATH_SEARCH_PATHS = "$(inherited) @executable_path/Frameworks @loader_path/Frameworks";
				PRODUCT_NAME = "$(TARGET_NAME)";
				PROVISIONING_PROFILE = "";
				TEST_HOST = "$(BUILT_PRODUCTS_DIR)/Tools.app/Tools";
			};
			name = Debug;
		};
		4A0241F11A1DA49D00498E0B /* Release */ = {
			isa = XCBuildConfiguration;
			buildSettings = {
				BUNDLE_LOADER = "$(TEST_HOST)";
				CODE_SIGN_IDENTITY = "iPhone Developer";
				"CODE_SIGN_IDENTITY[sdk=iphoneos*]" = "iPhone Developer";
				FRAMEWORK_SEARCH_PATHS = (
					"$(SDKROOT)/Developer/Library/Frameworks",
					"$(inherited)",
				);
				INFOPLIST_FILE = ToolsTests/Info.plist;
				LD_RUNPATH_SEARCH_PATHS = "$(inherited) @executable_path/Frameworks @loader_path/Frameworks";
				PRODUCT_NAME = "$(TARGET_NAME)";
				PROVISIONING_PROFILE = "";
				TEST_HOST = "$(BUILT_PRODUCTS_DIR)/Tools.app/Tools";
			};
			name = Release;
		};
/* End XCBuildConfiguration section */

/* Begin XCConfigurationList section */
		4A0241C41A1DA49C00498E0B /* Build configuration list for PBXProject "Tools" */ = {
			isa = XCConfigurationList;
			buildConfigurations = (
				4A0241EA1A1DA49D00498E0B /* Debug */,
				4A0241EB1A1DA49D00498E0B /* Release */,
			);
			defaultConfigurationIsVisible = 0;
			defaultConfigurationName = Release;
		};
		4A0241EC1A1DA49D00498E0B /* Build configuration list for PBXNativeTarget "Tools" */ = {
			isa = XCConfigurationList;
			buildConfigurations = (
				4A0241ED1A1DA49D00498E0B /* Debug */,
				4A0241EE1A1DA49D00498E0B /* Release */,
			);
			defaultConfigurationIsVisible = 0;
			defaultConfigurationName = Release;
		};
		4A0241EF1A1DA49D00498E0B /* Build configuration list for PBXNativeTarget "ToolsTests" */ = {
			isa = XCConfigurationList;
			buildConfigurations = (
				4A0241F01A1DA49D00498E0B /* Debug */,
				4A0241F11A1DA49D00498E0B /* Release */,
			);
			defaultConfigurationIsVisible = 0;
			defaultConfigurationName = Release;
		};
/* End XCConfigurationList section */
	};
	rootObject = 4A0241C11A1DA49C00498E0B /* Project object */;
}
